// !$*UTF8*$!
{
	archiveVersion = 1;
	classes = {
	};
	objectVersion = 46;
	objects = {

/* Begin PBXBuildFile section */
		AC0776A31BC3E5010017A6A4 /* main.m in Sources */ = {isa = PBXBuildFile; fileRef = AC0776A21BC3E5010017A6A4 /* main.m */; };
		AC0776A61BC3E5010017A6A4 /* AppDelegate.m in Sources */ = {isa = PBXBuildFile; fileRef = AC0776A51BC3E5010017A6A4 /* AppDelegate.m */; };
		AC0776A91BC3E5020017A6A4 /* ViewController.m in Sources */ = {isa = PBXBuildFile; fileRef = AC0776A81BC3E5020017A6A4 /* ViewController.m */; };
		AC0776AC1BC3E5020017A6A4 /* Main.storyboard in Resources */ = {isa = PBXBuildFile; fileRef = AC0776AA1BC3E5020017A6A4 /* Main.storyboard */; };
		AC0776AE1BC3E5020017A6A4 /* Assets.xcassets in Resources */ = {isa = PBXBuildFile; fileRef = AC0776AD1BC3E5020017A6A4 /* Assets.xcassets */; };
		AC0776B11BC3E5020017A6A4 /* LaunchScreen.storyboard in Resources */ = {isa = PBXBuildFile; fileRef = AC0776AF1BC3E5020017A6A4 /* LaunchScreen.storyboard */; };
		AC0776BC1BC3E5020017A6A4 /* LMSAppTests.m in Sources */ = {isa = PBXBuildFile; fileRef = AC0776BB1BC3E5020017A6A4 /* LMSAppTests.m */; };
		AC0776C71BC3E5030017A6A4 /* LMSAppUITests.m in Sources */ = {isa = PBXBuildFile; fileRef = AC0776C61BC3E5030017A6A4 /* LMSAppUITests.m */; };
/* End PBXBuildFile section */

/* Begin PBXContainerItemProxy section */
		AC0776B81BC3E5020017A6A4 /* PBXContainerItemProxy */ = {
			isa = PBXContainerItemProxy;
			containerPortal = AC0776961BC3E5010017A6A4 /* Project object */;
			proxyType = 1;
			remoteGlobalIDString = AC07769D1BC3E5010017A6A4;
			remoteInfo = LMSApp;
		};
		AC0776C31BC3E5020017A6A4 /* PBXContainerItemProxy */ = {
			isa = PBXContainerItemProxy;
			containerPortal = AC0776961BC3E5010017A6A4 /* Project object */;
			proxyType = 1;
			remoteGlobalIDString = AC07769D1BC3E5010017A6A4;
			remoteInfo = LMSApp;
		};
/* End PBXContainerItemProxy section */

/* Begin PBXFileReference section */
		AC07769E1BC3E5010017A6A4 /* LMSApp.app */ = {isa = PBXFileReference; explicitFileType = wrapper.application; includeInIndex = 0; path = LMSApp.app; sourceTree = BUILT_PRODUCTS_DIR; };
		AC0776A21BC3E5010017A6A4 /* main.m */ = {isa = PBXFileReference; lastKnownFileType = sourcecode.c.objc; path = main.m; sourceTree = "<group>"; };
		AC0776A41BC3E5010017A6A4 /* AppDelegate.h */ = {isa = PBXFileReference; lastKnownFileType = sourcecode.c.h; path = AppDelegate.h; sourceTree = "<group>"; };
		AC0776A51BC3E5010017A6A4 /* AppDelegate.m */ = {isa = PBXFileReference; lastKnownFileType = sourcecode.c.objc; path = AppDelegate.m; sourceTree = "<group>"; };
		AC0776A71BC3E5020017A6A4 /* ViewController.h */ = {isa = PBXFileReference; lastKnownFileType = sourcecode.c.h; path = ViewController.h; sourceTree = "<group>"; };
		AC0776A81BC3E5020017A6A4 /* ViewController.m */ = {isa = PBXFileReference; lastKnownFileType = sourcecode.c.objc; path = ViewController.m; sourceTree = "<group>"; };
		AC0776AB1BC3E5020017A6A4 /* Base */ = {isa = PBXFileReference; lastKnownFileType = file.storyboard; name = Base; path = Base.lproj/Main.storyboard; sourceTree = "<group>"; };
		AC0776AD1BC3E5020017A6A4 /* Assets.xcassets */ = {isa = PBXFileReference; lastKnownFileType = folder.assetcatalog; path = Assets.xcassets; sourceTree = "<group>"; };
		AC0776B01BC3E5020017A6A4 /* Base */ = {isa = PBXFileReference; lastKnownFileType = file.storyboard; name = Base; path = Base.lproj/LaunchScreen.storyboard; sourceTree = "<group>"; };
		AC0776B21BC3E5020017A6A4 /* Info.plist */ = {isa = PBXFileReference; lastKnownFileType = text.plist.xml; path = Info.plist; sourceTree = "<group>"; };
		AC0776B71BC3E5020017A6A4 /* LMSAppTests.xctest */ = {isa = PBXFileReference; explicitFileType = wrapper.cfbundle; includeInIndex = 0; path = LMSAppTests.xctest; sourceTree = BUILT_PRODUCTS_DIR; };
		AC0776BB1BC3E5020017A6A4 /* LMSAppTests.m */ = {isa = PBXFileReference; lastKnownFileType = sourcecode.c.objc; path = LMSAppTests.m; sourceTree = "<group>"; };
		AC0776BD1BC3E5020017A6A4 /* Info.plist */ = {isa = PBXFileReference; lastKnownFileType = text.plist.xml; path = Info.plist; sourceTree = "<group>"; };
		AC0776C21BC3E5020017A6A4 /* LMSAppUITests.xctest */ = {isa = PBXFileReference; explicitFileType = wrapper.cfbundle; includeInIndex = 0; path = LMSAppUITests.xctest; sourceTree = BUILT_PRODUCTS_DIR; };
		AC0776C61BC3E5030017A6A4 /* LMSAppUITests.m */ = {isa = PBXFileReference; lastKnownFileType = sourcecode.c.objc; path = LMSAppUITests.m; sourceTree = "<group>"; };
		AC0776C81BC3E5030017A6A4 /* Info.plist */ = {isa = PBXFileReference; lastKnownFileType = text.plist.xml; path = Info.plist; sourceTree = "<group>"; };
/* End PBXFileReference section */

/* Begin PBXFrameworksBuildPhase section */
		AC07769B1BC3E5010017A6A4 /* Frameworks */ = {
			isa = PBXFrameworksBuildPhase;
			buildActionMask = 2147483647;
			files = (
			);
			runOnlyForDeploymentPostprocessing = 0;
		};
		AC0776B41BC3E5020017A6A4 /* Frameworks */ = {
			isa = PBXFrameworksBuildPhase;
			buildActionMask = 2147483647;
			files = (
			);
			runOnlyForDeploymentPostprocessing = 0;
		};
		AC0776BF1BC3E5020017A6A4 /* Frameworks */ = {
			isa = PBXFrameworksBuildPhase;
			buildActionMask = 2147483647;
			files = (
			);
			runOnlyForDeploymentPostprocessing = 0;
		};
/* End PBXFrameworksBuildPhase section */

/* Begin PBXGroup section */
		AC0776951BC3E5010017A6A4 = {
			isa = PBXGroup;
			children = (
				AC0776A01BC3E5010017A6A4 /* LMSApp */,
				AC0776BA1BC3E5020017A6A4 /* LMSAppTests */,
				AC0776C51BC3E5020017A6A4 /* LMSAppUITests */,
				AC07769F1BC3E5010017A6A4 /* Products */,
			);
			sourceTree = "<group>";
		};
		AC07769F1BC3E5010017A6A4 /* Products */ = {
			isa = PBXGroup;
			children = (
				AC07769E1BC3E5010017A6A4 /* LMSApp.app */,
				AC0776B71BC3E5020017A6A4 /* LMSAppTests.xctest */,
				AC0776C21BC3E5020017A6A4 /* LMSAppUITests.xctest */,
			);
			name = Products;
			sourceTree = "<group>";
		};
		AC0776A01BC3E5010017A6A4 /* LMSApp */ = {
			isa = PBXGroup;
			children = (
				AC0776A41BC3E5010017A6A4 /* AppDelegate.h */,
				AC0776A51BC3E5010017A6A4 /* AppDelegate.m */,
				AC0776A71BC3E5020017A6A4 /* ViewController.h */,
				AC0776A81BC3E5020017A6A4 /* ViewController.m */,
				AC0776AA1BC3E5020017A6A4 /* Main.storyboard */,
				AC0776AD1BC3E5020017A6A4 /* Assets.xcassets */,
				AC0776AF1BC3E5020017A6A4 /* LaunchScreen.storyboard */,
				AC0776B21BC3E5020017A6A4 /* Info.plist */,
				AC0776A11BC3E5010017A6A4 /* Supporting Files */,
			);
			path = LMSApp;
			sourceTree = "<group>";
		};
		AC0776A11BC3E5010017A6A4 /* Supporting Files */ = {
			isa = PBXGroup;
			children = (
				AC0776A21BC3E5010017A6A4 /* main.m */,
			);
			name = "Supporting Files";
			sourceTree = "<group>";
		};
		AC0776BA1BC3E5020017A6A4 /* LMSAppTests */ = {
			isa = PBXGroup;
			children = (
				AC0776BB1BC3E5020017A6A4 /* LMSAppTests.m */,
				AC0776BD1BC3E5020017A6A4 /* Info.plist */,
			);
			path = LMSAppTests;
			sourceTree = "<group>";
		};
		AC0776C51BC3E5020017A6A4 /* LMSAppUITests */ = {
			isa = PBXGroup;
			children = (
				AC0776C61BC3E5030017A6A4 /* LMSAppUITests.m */,
				AC0776C81BC3E5030017A6A4 /* Info.plist */,
			);
			path = LMSAppUITests;
			sourceTree = "<group>";
		};
/* End PBXGroup section */

/* Begin PBXNativeTarget section */
		AC07769D1BC3E5010017A6A4 /* LMSApp */ = {
			isa = PBXNativeTarget;
			buildConfigurationList = AC0776CB1BC3E5030017A6A4 /* Build configuration list for PBXNativeTarget "LMSApp" */;
			buildPhases = (
				AC07769A1BC3E5010017A6A4 /* Sources */,
				AC07769B1BC3E5010017A6A4 /* Frameworks */,
				AC07769C1BC3E5010017A6A4 /* Resources */,
			);
			buildRules = (
			);
			dependencies = (
			);
			name = LMSApp;
			productName = LMSApp;
			productReference = AC07769E1BC3E5010017A6A4 /* LMSApp.app */;
			productType = "com.apple.product-type.application";
		};
		AC0776B61BC3E5020017A6A4 /* LMSAppTests */ = {
			isa = PBXNativeTarget;
			buildConfigurationList = AC0776CE1BC3E5030017A6A4 /* Build configuration list for PBXNativeTarget "LMSAppTests" */;
			buildPhases = (
				AC0776B31BC3E5020017A6A4 /* Sources */,
				AC0776B41BC3E5020017A6A4 /* Frameworks */,
				AC0776B51BC3E5020017A6A4 /* Resources */,
			);
			buildRules = (
			);
			dependencies = (
				AC0776B91BC3E5020017A6A4 /* PBXTargetDependency */,
			);
			name = LMSAppTests;
			productName = LMSAppTests;
			productReference = AC0776B71BC3E5020017A6A4 /* LMSAppTests.xctest */;
			productType = "com.apple.product-type.bundle.unit-test";
		};
		AC0776C11BC3E5020017A6A4 /* LMSAppUITests */ = {
			isa = PBXNativeTarget;
			buildConfigurationList = AC0776D11BC3E5030017A6A4 /* Build configuration list for PBXNativeTarget "LMSAppUITests" */;
			buildPhases = (
				AC0776BE1BC3E5020017A6A4 /* Sources */,
				AC0776BF1BC3E5020017A6A4 /* Frameworks */,
				AC0776C01BC3E5020017A6A4 /* Resources */,
			);
			buildRules = (
			);
			dependencies = (
				AC0776C41BC3E5020017A6A4 /* PBXTargetDependency */,
			);
			name = LMSAppUITests;
			productName = LMSAppUITests;
			productReference = AC0776C21BC3E5020017A6A4 /* LMSAppUITests.xctest */;
			productType = "com.apple.product-type.bundle.ui-testing";
		};
/* End PBXNativeTarget section */

/* Begin PBXProject section */
		AC0776961BC3E5010017A6A4 /* Project object */ = {
			isa = PBXProject;
			attributes = {
				LastUpgradeCheck = 0700;
				ORGANIZATIONNAME = Nesh;
				TargetAttributes = {
					AC07769D1BC3E5010017A6A4 = {
						CreatedOnToolsVersion = 7.0;
					};
					AC0776B61BC3E5020017A6A4 = {
						CreatedOnToolsVersion = 7.0;
						TestTargetID = AC07769D1BC3E5010017A6A4;
					};
					AC0776C11BC3E5020017A6A4 = {
						CreatedOnToolsVersion = 7.0;
						TestTargetID = AC07769D1BC3E5010017A6A4;
					};
				};
			};
			buildConfigurationList = AC0776991BC3E5010017A6A4 /* Build configuration list for PBXProject "LMSApp" */;
			compatibilityVersion = "Xcode 3.2";
			developmentRegion = English;
			hasScannedForEncodings = 0;
			knownRegions = (
				en,
				Base,
			);
			mainGroup = AC0776951BC3E5010017A6A4;
			productRefGroup = AC07769F1BC3E5010017A6A4 /* Products */;
			projectDirPath = "";
			projectRoot = "";
			targets = (
				AC07769D1BC3E5010017A6A4 /* LMSApp */,
				AC0776B61BC3E5020017A6A4 /* LMSAppTests */,
				AC0776C11BC3E5020017A6A4 /* LMSAppUITests */,
			);
		};
/* End PBXProject section */

/* Begin PBXResourcesBuildPhase section */
		AC07769C1BC3E5010017A6A4 /* Resources */ = {
			isa = PBXResourcesBuildPhase;
			buildActionMask = 2147483647;
			files = (
				AC0776B11BC3E5020017A6A4 /* LaunchScreen.storyboard in Resources */,
				AC0776AE1BC3E5020017A6A4 /* Assets.xcassets in Resources */,
				AC0776AC1BC3E5020017A6A4 /* Main.storyboard in Resources */,
			);
			runOnlyForDeploymentPostprocessing = 0;
		};
		AC0776B51BC3E5020017A6A4 /* Resources */ = {
			isa = PBXResourcesBuildPhase;
			buildActionMask = 2147483647;
			files = (
			);
			runOnlyForDeploymentPostprocessing = 0;
		};
		AC0776C01BC3E5020017A6A4 /* Resources */ = {
			isa = PBXResourcesBuildPhase;
			buildActionMask = 2147483647;
			files = (
			);
			runOnlyForDeploymentPostprocessing = 0;
		};
/* End PBXResourcesBuildPhase section */

/* Begin PBXSourcesBuildPhase section */
		AC07769A1BC3E5010017A6A4 /* Sources */ = {
			isa = PBXSourcesBuildPhase;
			buildActionMask = 2147483647;
			files = (
				AC0776A91BC3E5020017A6A4 /* ViewController.m in Sources */,
				AC0776A61BC3E5010017A6A4 /* AppDelegate.m in Sources */,
				AC0776A31BC3E5010017A6A4 /* main.m in Sources */,
			);
			runOnlyForDeploymentPostprocessing = 0;
		};
		AC0776B31BC3E5020017A6A4 /* Sources */ = {
			isa = PBXSourcesBuildPhase;
			buildActionMask = 2147483647;
			files = (
				AC0776BC1BC3E5020017A6A4 /* LMSAppTests.m in Sources */,
			);
			runOnlyForDeploymentPostprocessing = 0;
		};
		AC0776BE1BC3E5020017A6A4 /* Sources */ = {
			isa = PBXSourcesBuildPhase;
			buildActionMask = 2147483647;
			files = (
				AC0776C71BC3E5030017A6A4 /* LMSAppUITests.m in Sources */,
			);
			runOnlyForDeploymentPostprocessing = 0;
		};
/* End PBXSourcesBuildPhase section */

/* Begin PBXTargetDependency section */
		AC0776B91BC3E5020017A6A4 /* PBXTargetDependency */ = {
			isa = PBXTargetDependency;
			target = AC07769D1BC3E5010017A6A4 /* LMSApp */;
			targetProxy = AC0776B81BC3E5020017A6A4 /* PBXContainerItemProxy */;
		};
		AC0776C41BC3E5020017A6A4 /* PBXTargetDependency */ = {
			isa = PBXTargetDependency;
			target = AC07769D1BC3E5010017A6A4 /* LMSApp */;
			targetProxy = AC0776C31BC3E5020017A6A4 /* PBXContainerItemProxy */;
		};
/* End PBXTargetDependency section */

/* Begin PBXVariantGroup section */
		AC0776AA1BC3E5020017A6A4 /* Main.storyboard */ = {
			isa = PBXVariantGroup;
			children = (
				AC0776AB1BC3E5020017A6A4 /* Base */,
			);
			name = Main.storyboard;
			sourceTree = "<group>";
		};
		AC0776AF1BC3E5020017A6A4 /* LaunchScreen.storyboard */ = {
			isa = PBXVariantGroup;
			children = (
				AC0776B01BC3E5020017A6A4 /* Base */,
			);
			name = LaunchScreen.storyboard;
			sourceTree = "<group>";
		};
/* End PBXVariantGroup section */

/* Begin XCBuildConfiguration section */
		AC0776C91BC3E5030017A6A4 /* Debug */ = {
			isa = XCBuildConfiguration;
			buildSettings = {
				ALWAYS_SEARCH_USER_PATHS = NO;
				CLANG_CXX_LANGUAGE_STANDARD = "gnu++0x";
				CLANG_CXX_LIBRARY = "libc++";
				CLANG_ENABLE_MODULES = YES;
				CLANG_ENABLE_OBJC_ARC = YES;
				CLANG_WARN_BOOL_CONVERSION = YES;
				CLANG_WARN_CONSTANT_CONVERSION = YES;
				CLANG_WARN_DIRECT_OBJC_ISA_USAGE = YES_ERROR;
				CLANG_WARN_EMPTY_BODY = YES;
				CLANG_WARN_ENUM_CONVERSION = YES;
				CLANG_WARN_INT_CONVERSION = YES;
				CLANG_WARN_OBJC_ROOT_CLASS = YES_ERROR;
				CLANG_WARN_UNREACHABLE_CODE = YES;
				CLANG_WARN__DUPLICATE_METHOD_MATCH = YES;
				"CODE_SIGN_IDENTITY[sdk=iphoneos*]" = "iPhone Developer";
				COPY_PHASE_STRIP = NO;
				DEBUG_INFORMATION_FORMAT = dwarf;
				ENABLE_STRICT_OBJC_MSGSEND = YES;
				ENABLE_TESTABILITY = YES;
				GCC_C_LANGUAGE_STANDARD = gnu99;
				GCC_DYNAMIC_NO_PIC = NO;
				GCC_NO_COMMON_BLOCKS = YES;
				GCC_OPTIMIZATION_LEVEL = 0;
				GCC_PREPROCESSOR_DEFINITIONS = (
					"DEBUG=1",
					"$(inherited)",
				);
				GCC_WARN_64_TO_32_BIT_CONVERSION = YES;
				GCC_WARN_ABOUT_RETURN_TYPE = YES_ERROR;
				GCC_WARN_UNDECLARED_SELECTOR = YES;
				GCC_WARN_UNINITIALIZED_AUTOS = YES_AGGRESSIVE;
				GCC_WARN_UNUSED_FUNCTION = YES;
				GCC_WARN_UNUSED_VARIABLE = YES;
				IPHONEOS_DEPLOYMENT_TARGET = 9.0;
				MTL_ENABLE_DEBUG_INFO = YES;
				ONLY_ACTIVE_ARCH = YES;
				SDKROOT = iphoneos;
				TARGETED_DEVICE_FAMILY = "1,2";
			};
			name = Debug;
		};
		AC0776CA1BC3E5030017A6A4 /* Release */ = {
			isa = XCBuildConfiguration;
			buildSettings = {
				ALWAYS_SEARCH_USER_PATHS = NO;
				CLANG_CXX_LANGUAGE_STANDARD = "gnu++0x";
				CLANG_CXX_LIBRARY = "libc++";
				CLANG_ENABLE_MODULES = YES;
				CLANG_ENABLE_OBJC_ARC = YES;
				CLANG_WARN_BOOL_CONVERSION = YES;
				CLANG_WARN_CONSTANT_CONVERSION = YES;
				CLANG_WARN_DIRECT_OBJC_ISA_USAGE = YES_ERROR;
				CLANG_WARN_EMPTY_BODY = YES;
				CLANG_WARN_ENUM_CONVERSION = YES;
				CLANG_WARN_INT_CONVERSION = YES;
				CLANG_WARN_OBJC_ROOT_CLASS = YES_ERROR;
				CLANG_WARN_UNREACHABLE_CODE = YES;
				CLANG_WARN__DUPLICATE_METHOD_MATCH = YES;
				"CODE_SIGN_IDENTITY[sdk=iphoneos*]" = "iPhone Developer";
				COPY_PHASE_STRIP = NO;
				DEBUG_INFORMATION_FORMAT = "dwarf-with-dsym";
				ENABLE_NS_ASSERTIONS = NO;
				ENABLE_STRICT_OBJC_MSGSEND = YES;
				GCC_C_LANGUAGE_STANDARD = gnu99;
				GCC_NO_COMMON_BLOCKS = YES;
				GCC_WARN_64_TO_32_BIT_CONVERSION = YES;
				GCC_WARN_ABOUT_RETURN_TYPE = YES_ERROR;
				GCC_WARN_UNDECLARED_SELECTOR = YES;
				GCC_WARN_UNINITIALIZED_AUTOS = YES_AGGRESSIVE;
				GCC_WARN_UNUSED_FUNCTION = YES;
				GCC_WARN_UNUSED_VARIABLE = YES;
				IPHONEOS_DEPLOYMENT_TARGET = 9.0;
				MTL_ENABLE_DEBUG_INFO = NO;
				SDKROOT = iphoneos;
				TARGETED_DEVICE_FAMILY = "1,2";
				VALIDATE_PRODUCT = YES;
			};
			name = Release;
		};
		AC0776CC1BC3E5030017A6A4 /* Debug */ = {
			isa = XCBuildConfiguration;
			buildSettings = {
				ASSETCATALOG_COMPILER_APPICON_NAME = AppIcon;
				INFOPLIST_FILE = LMSApp/Info.plist;
				LD_RUNPATH_SEARCH_PATHS = "$(inherited) @executable_path/Frameworks";
				PRODUCT_BUNDLE_IDENTIFIER = com.nesh.LMSApp;
				PRODUCT_NAME = "$(TARGET_NAME)";
			};
			name = Debug;
		};
		AC0776CD1BC3E5030017A6A4 /* Release */ = {
			isa = XCBuildConfiguration;
			buildSettings = {
				ASSETCATALOG_COMPILER_APPICON_NAME = AppIcon;
				INFOPLIST_FILE = LMSApp/Info.plist;
				LD_RUNPATH_SEARCH_PATHS = "$(inherited) @executable_path/Frameworks";
				PRODUCT_BUNDLE_IDENTIFIER = com.nesh.LMSApp;
				PRODUCT_NAME = "$(TARGET_NAME)";
			};
			name = Release;
		};
		AC0776CF1BC3E5030017A6A4 /* Debug */ = {
			isa = XCBuildConfiguration;
			buildSettings = {
				BUNDLE_LOADER = "$(TEST_HOST)";
				INFOPLIST_FILE = LMSAppTests/Info.plist;
				LD_RUNPATH_SEARCH_PATHS = "$(inherited) @executable_path/Frameworks @loader_path/Frameworks";
				PRODUCT_BUNDLE_IDENTIFIER = com.nesh.LMSAppTests;
				PRODUCT_NAME = "$(TARGET_NAME)";
				TEST_HOST = "$(BUILT_PRODUCTS_DIR)/LMSApp.app/LMSApp";
			};
			name = Debug;
		};
		AC0776D01BC3E5030017A6A4 /* Release */ = {
			isa = XCBuildConfiguration;
			buildSettings = {
				BUNDLE_LOADER = "$(TEST_HOST)";
				INFOPLIST_FILE = LMSAppTests/Info.plist;
				LD_RUNPATH_SEARCH_PATHS = "$(inherited) @executable_path/Frameworks @loader_path/Frameworks";
				PRODUCT_BUNDLE_IDENTIFIER = com.nesh.LMSAppTests;
				PRODUCT_NAME = "$(TARGET_NAME)";
				TEST_HOST = "$(BUILT_PRODUCTS_DIR)/LMSApp.app/LMSApp";
			};
			name = Release;
		};
		AC0776D21BC3E5030017A6A4 /* Debug */ = {
			isa = XCBuildConfiguration;
			buildSettings = {
				INFOPLIST_FILE = LMSAppUITests/Info.plist;
				LD_RUNPATH_SEARCH_PATHS = "$(inherited) @executable_path/Frameworks @loader_path/Frameworks";
				PRODUCT_BUNDLE_IDENTIFIER = com.nesh.LMSAppUITests;
				PRODUCT_NAME = "$(TARGET_NAME)";
				TEST_TARGET_NAME = LMSApp;
				USES_XCTRUNNER = YES;
			};
			name = Debug;
		};
		AC0776D31BC3E5030017A6A4 /* Release */ = {
			isa = XCBuildConfiguration;
			buildSettings = {
				INFOPLIST_FILE = LMSAppUITests/Info.plist;
				LD_RUNPATH_SEARCH_PATHS = "$(inherited) @executable_path/Frameworks @loader_path/Frameworks";
				PRODUCT_BUNDLE_IDENTIFIER = com.nesh.LMSAppUITests;
				PRODUCT_NAME = "$(TARGET_NAME)";
				TEST_TARGET_NAME = LMSApp;
				USES_XCTRUNNER = YES;
			};
			name = Release;
		};
/* End XCBuildConfiguration section */

/* Begin XCConfigurationList section */
		AC0776991BC3E5010017A6A4 /* Build configuration list for PBXProject "LMSApp" */ = {
			isa = XCConfigurationList;
			buildConfigurations = (
				AC0776C91BC3E5030017A6A4 /* Debug */,
				AC0776CA1BC3E5030017A6A4 /* Release */,
			);
			defaultConfigurationIsVisible = 0;
			defaultConfigurationName = Release;
		};
		AC0776CB1BC3E5030017A6A4 /* Build configuration list for PBXNativeTarget "LMSApp" */ = {
			isa = XCConfigurationList;
			buildConfigurations = (
				AC0776CC1BC3E5030017A6A4 /* Debug */,
				AC0776CD1BC3E5030017A6A4 /* Release */,
			);
			defaultConfigurationIsVisible = 0;
		};
		AC0776CE1BC3E5030017A6A4 /* Build configuration list for PBXNativeTarget "LMSAppTests" */ = {
			isa = XCConfigurationList;
			buildConfigurations = (
				AC0776CF1BC3E5030017A6A4 /* Debug */,
				AC0776D01BC3E5030017A6A4 /* Release */,
			);
			defaultConfigurationIsVisible = 0;
		};
		AC0776D11BC3E5030017A6A4 /* Build configuration list for PBXNativeTarget "LMSAppUITests" */ = {
			isa = XCConfigurationList;
			buildConfigurations = (
				AC0776D21BC3E5030017A6A4 /* Debug */,
				AC0776D31BC3E5030017A6A4 /* Release */,
			);
			defaultConfigurationIsVisible = 0;
		};
/* End XCConfigurationList section */
	};
	rootObject = AC0776961BC3E5010017A6A4 /* Project object */;
}
